
Microsoft Visual Studio Solution File, Format Version 12.00
# Visual Studio 14
VisualStudioVersion = 14.0.25420.1
MinimumVisualStudioVersion = 10.0.40219.1
Project("{FAE04EC0-301F-11D3-BF4B-00C04F79EFBC}") = "Common", "Common\Common.csproj", "{61B2440B-143B-479E-9792-1650180FF3D8}"
EndProject
Project("{FAE04EC0-301F-11D3-BF4B-00C04F79EFBC}") = "Server", "Server\Server.csproj", "{8DAE548A-C37C-413B-B929-40447BF55A29}"
EndProject
Project("{FAE04EC0-301F-11D3-BF4B-00C04F79EFBC}") = "ServerConsoleHost", "ServerConsoleHost\ServerConsoleHost.csproj", "{1137EAC8-F8E7-41B1-8C08-85854C8BA6D5}"
EndProject
Project("{FAE04EC0-301F-11D3-BF4B-00C04F79EFBC}") = "Client", "Client\Client.csproj", "{3C996FB0-ED7C-4454-BA3E-044DCF6C28E8}"
EndProject
Project("{FAE04EC0-301F-11D3-BF4B-00C04F79EFBC}") = "Server.Storage", "Server.Storage\Server.Storage.csproj", "{4C7E2F68-9609-42D2-B73F-265DAF6CA206}"
EndProject
Project("{FAE04EC0-301F-11D3-BF4B-00C04F79EFBC}") = "Server.Common", "Server.Common\Server.Common.csproj", "{AC66CEE7-D103-43D3-B24C-122B464DADBB}"
EndProject
Project("{FAE04EC0-301F-11D3-BF4B-00C04F79EFBC}") = "Server.Networking", "Server.Networking\Server.Networking.csproj", "{295DA207-D5D7-4E91-9C2B-96591E8BFA78}"
EndProject
Global
	GlobalSection(SolutionConfigurationPlatforms) = preSolution
		Debug|Any CPU = Debug|Any CPU
		Release|Any CPU = Release|Any CPU
	EndGlobalSection
	GlobalSection(ProjectConfigurationPlatforms) = postSolution
		{61B2440B-143B-479E-9792-1650180FF3D8}.Debug|Any CPU.ActiveCfg = Debug|Any CPU
		{61B2440B-143B-479E-9792-1650180FF3D8}.Debug|Any CPU.Build.0 = Debug|Any CPU
		{61B2440B-143B-479E-9792-1650180FF3D8}.Release|Any CPU.ActiveCfg = Release|Any CPU
		{61B2440B-143B-479E-9792-1650180FF3D8}.Release|Any CPU.Build.0 = Release|Any CPU
		{8DAE548A-C37C-413B-B929-40447BF55A29}.Debug|Any CPU.ActiveCfg = Debug|Any CPU
		{8DAE548A-C37C-413B-B929-40447BF55A29}.Debug|Any CPU.Build.0 = Debug|Any CPU
		{8DAE548A-C37C-413B-B929-40447BF55A29}.Release|Any CPU.ActiveCfg = Release|Any CPU
		{8DAE548A-C37C-413B-B929-40447BF55A29}.Release|Any CPU.Build.0 = Release|Any CPU
		{1137EAC8-F8E7-41B1-8C08-85854C8BA6D5}.Debug|Any CPU.ActiveCfg = Debug|Any CPU
		{1137EAC8-F8E7-41B1-8C08-85854C8BA6D5}.Debug|Any CPU.Build.0 = Debug|Any CPU
		{1137EAC8-F8E7-41B1-8C08-85854C8BA6D5}.Release|Any CPU.ActiveCfg = Release|Any CPU
		{1137EAC8-F8E7-41B1-8C08-85854C8BA6D5}.Release|Any CPU.Build.0 = Release|Any CPU
		{3C996FB0-ED7C-4454-BA3E-044DCF6C28E8}.Debug|Any CPU.ActiveCfg = Debug|Any CPU
		{3C996FB0-ED7C-4454-BA3E-044DCF6C28E8}.Debug|Any CPU.Build.0 = Debug|Any CPU
		{3C996FB0-ED7C-4454-BA3E-044DCF6C28E8}.Release|Any CPU.ActiveCfg = Release|Any CPU
		{3C996FB0-ED7C-4454-BA3E-044DCF6C28E8}.Release|Any CPU.Build.0 = Release|Any CPU
		{4C7E2F68-9609-42D2-B73F-265DAF6CA206}.Debug|Any CPU.ActiveCfg = Debug|Any CPU
		{4C7E2F68-9609-42D2-B73F-265DAF6CA206}.Debug|Any CPU.Build.0 = Debug|Any CPU
		{4C7E2F68-9609-42D2-B73F-265DAF6CA206}.Release|Any CPU.ActiveCfg = Release|Any CPU
		{4C7E2F68-9609-42D2-B73F-265DAF6CA206}.Release|Any CPU.Build.0 = Release|Any CPU
		{AC66CEE7-D103-43D3-B24C-122B464DADBB}.Debug|Any CPU.ActiveCfg = Debug|Any CPU
		{AC66CEE7-D103-43D3-B24C-122B464DADBB}.Debug|Any CPU.Build.0 = Debug|Any CPU
		{AC66CEE7-D103-43D3-B24C-122B464DADBB}.Release|Any CPU.ActiveCfg = Release|Any CPU
		{AC66CEE7-D103-43D3-B24C-122B464DADBB}.Release|Any CPU.Build.0 = Release|Any CPU
		{295DA207-D5D7-4E91-9C2B-96591E8BFA78}.Debug|Any CPU.ActiveCfg = Debug|Any CPU
		{295DA207-D5D7-4E91-9C2B-96591E8BFA78}.Debug|Any CPU.Build.0 = Debug|Any CPU
		{295DA207-D5D7-4E91-9C2B-96591E8BFA78}.Release|Any CPU.ActiveCfg = Release|Any CPU
		{295DA207-D5D7-4E91-9C2B-96591E8BFA78}.Release|Any CPU.Build.0 = Release|Any CPU
	EndGlobalSection
	GlobalSection(SolutionProperties) = preSolution
		HideSolutionNode = FALSE
	EndGlobalSection
EndGlobal
