
Microsoft Visual Studio Solution File, Format Version 12.00
# Visual Studio 14
VisualStudioVersion = 14.0.25420.1
MinimumVisualStudioVersion = 10.0.40219.1
Project("{FAE04EC0-301F-11D3-BF4B-00C04F79EFBC}") = "FullTestServer", "FullTestServer\FullTestServer.csproj", "{76DF6C7E-A52E-4376-9CBE-5A00BE9F98EF}"
EndProject
Project("{FAE04EC0-301F-11D3-BF4B-00C04F79EFBC}") = "TestClient", "TestClient\TestClient.csproj", "{D6F491B9-5D2F-43F8-A82D-AF0AAA10D4EB}"
EndProject
Project("{FAE04EC0-301F-11D3-BF4B-00C04F79EFBC}") = "Common", "Common\Common.csproj", "{61B2440B-143B-479E-9792-1650180FF3D8}"
EndProject
Global
	GlobalSection(SolutionConfigurationPlatforms) = preSolution
		Debug|Any CPU = Debug|Any CPU
		Release|Any CPU = Release|Any CPU
	EndGlobalSection
	GlobalSection(ProjectConfigurationPlatforms) = postSolution
		{76DF6C7E-A52E-4376-9CBE-5A00BE9F98EF}.Debug|Any CPU.ActiveCfg = Debug|Any CPU
		{76DF6C7E-A52E-4376-9CBE-5A00BE9F98EF}.Debug|Any CPU.Build.0 = Debug|Any CPU
		{76DF6C7E-A52E-4376-9CBE-5A00BE9F98EF}.Release|Any CPU.ActiveCfg = Release|Any CPU
		{76DF6C7E-A52E-4376-9CBE-5A00BE9F98EF}.Release|Any CPU.Build.0 = Release|Any CPU
		{D6F491B9-5D2F-43F8-A82D-AF0AAA10D4EB}.Debug|Any CPU.ActiveCfg = Debug|Any CPU
		{D6F491B9-5D2F-43F8-A82D-AF0AAA10D4EB}.Debug|Any CPU.Build.0 = Debug|Any CPU
		{D6F491B9-5D2F-43F8-A82D-AF0AAA10D4EB}.Release|Any CPU.ActiveCfg = Release|Any CPU
		{D6F491B9-5D2F-43F8-A82D-AF0AAA10D4EB}.Release|Any CPU.Build.0 = Release|Any CPU
		{61B2440B-143B-479E-9792-1650180FF3D8}.Debug|Any CPU.ActiveCfg = Debug|Any CPU
		{61B2440B-143B-479E-9792-1650180FF3D8}.Debug|Any CPU.Build.0 = Debug|Any CPU
		{61B2440B-143B-479E-9792-1650180FF3D8}.Release|Any CPU.ActiveCfg = Release|Any CPU
		{61B2440B-143B-479E-9792-1650180FF3D8}.Release|Any CPU.Build.0 = Release|Any CPU
	EndGlobalSection
	GlobalSection(SolutionProperties) = preSolution
		HideSolutionNode = FALSE
	EndGlobalSection
EndGlobal
